# THIS IS AN AUTOGENERATED FILE. DO NOT EDIT THIS FILE DIRECTLY.
# yarn lockfile v1


"@rollup/plugin-run@2.0.2":
  version "2.0.2"
  resolved "https://registry.yarnpkg.com/@rollup/plugin-run/-/plugin-run-2.0.2.tgz#9379f20de4836c05ebb17ddf6e16a85e7a35a327"
  integrity sha512-ueUAPnd98mZlywKmG1BF3s00EljxStI8C695mkERbVd0ESAt5vFu0lZiwfxe/pxtBty/PbhheqjHTPIP7JJgzQ==
  dependencies:
    "@types/node" "13.1.6"

"@rollup/plugin-typescript@4.1.1":
  version "4.1.1"
  resolved "https://registry.yarnpkg.com/@rollup/plugin-typescript/-/plugin-typescript-4.1.1.tgz#bcb38ca4d89a35da2238a6f1136af460a1b2cb09"
  integrity sha512-KYZCn1Iw9hZWkeEPqPs5YjlmvSjR7UdezVca8z0e8rm/29wU24UD9Y4IZHhnc9tm749hzsgBTiOUxA85gfShEQ==
  dependencies:
    "@rollup/pluginutils" "^3.0.1"
    resolve "^1.14.1"

"@rollup/pluginutils@^3.0.1":
  version "3.0.8"
  resolved "https://registry.yarnpkg.com/@rollup/pluginutils/-/pluginutils-3.0.8.tgz#4e94d128d94b90699e517ef045422960d18c8fde"
  integrity sha512-rYGeAc4sxcZ+kPG/Tw4/fwJODC3IXHYDH4qusdN/b6aLw5LPUbzpecYbEJh4sVQGPFJxd2dBU4kc1H3oy9/bnw==
  dependencies:
    estree-walker "^1.0.1"

"@rollup/rollup-android-arm-eabi@4.22.4":
  version "4.22.4"
  resolved "https://registry.yarnpkg.com/@rollup/rollup-android-arm-eabi/-/rollup-android-arm-eabi-4.22.4.tgz#8b613b9725e8f9479d142970b106b6ae878610d5"
  integrity sha512-Fxamp4aEZnfPOcGA8KSNEohV8hX7zVHOemC8jVBoBUHu5zpJK/Eu3uJwt6BMgy9fkvzxDaurgj96F/NiLukF2w==

"@rollup/rollup-android-arm64@4.22.4":
  version "4.22.4"
  resolved "https://registry.yarnpkg.com/@rollup/rollup-android-arm64/-/rollup-android-arm64-4.22.4.tgz#654ca1049189132ff602bfcf8df14c18da1f15fb"
  integrity sha512-VXoK5UMrgECLYaMuGuVTOx5kcuap1Jm8g/M83RnCHBKOqvPPmROFJGQaZhGccnsFtfXQ3XYa4/jMCJvZnbJBdA==

"@rollup/rollup-darwin-arm64@4.22.4":
  version "4.22.4"
  resolved "https://registry.yarnpkg.com/@rollup/rollup-darwin-arm64/-/rollup-darwin-arm64-4.22.4.tgz#6d241d099d1518ef0c2205d96b3fa52e0fe1954b"
  integrity sha512-xMM9ORBqu81jyMKCDP+SZDhnX2QEVQzTcC6G18KlTQEzWK8r/oNZtKuZaCcHhnsa6fEeOBionoyl5JsAbE/36Q==

"@rollup/rollup-darwin-x64@4.22.4":
  version "4.22.4"
  resolved "https://registry.yarnpkg.com/@rollup/rollup-darwin-x64/-/rollup-darwin-x64-4.22.4.tgz#42bd19d292a57ee11734c980c4650de26b457791"
  integrity sha512-aJJyYKQwbHuhTUrjWjxEvGnNNBCnmpHDvrb8JFDbeSH3m2XdHcxDd3jthAzvmoI8w/kSjd2y0udT+4okADsZIw==

"@rollup/rollup-linux-arm-gnueabihf@4.22.4":
  version "4.22.4"
  resolved "https://registry.yarnpkg.com/@rollup/rollup-linux-arm-gnueabihf/-/rollup-linux-arm-gnueabihf-4.22.4.tgz#f23555ee3d8fe941c5c5fd458cd22b65eb1c2232"
  integrity sha512-j63YtCIRAzbO+gC2L9dWXRh5BFetsv0j0va0Wi9epXDgU/XUi5dJKo4USTttVyK7fGw2nPWK0PbAvyliz50SCQ==

"@rollup/rollup-linux-arm-musleabihf@4.22.4":
  version "4.22.4"
  resolved "https://registry.yarnpkg.com/@rollup/rollup-linux-arm-musleabihf/-/rollup-linux-arm-musleabihf-4.22.4.tgz#f3bbd1ae2420f5539d40ac1fde2b38da67779baa"
  integrity sha512-dJnWUgwWBX1YBRsuKKMOlXCzh2Wu1mlHzv20TpqEsfdZLb3WoJW2kIEsGwLkroYf24IrPAvOT/ZQ2OYMV6vlrg==

"@rollup/rollup-linux-arm64-gnu@4.22.4":
  version "4.22.4"
  resolved "https://registry.yarnpkg.com/@rollup/rollup-linux-arm64-gnu/-/rollup-linux-arm64-gnu-4.22.4.tgz#7abe900120113e08a1f90afb84c7c28774054d15"
  integrity sha512-AdPRoNi3NKVLolCN/Sp4F4N1d98c4SBnHMKoLuiG6RXgoZ4sllseuGioszumnPGmPM2O7qaAX/IJdeDU8f26Aw==

"@rollup/rollup-linux-arm64-musl@4.22.4":
  version "4.22.4"
  resolved "https://registry.yarnpkg.com/@rollup/rollup-linux-arm64-musl/-/rollup-linux-arm64-musl-4.22.4.tgz#9e655285c8175cd44f57d6a1e8e5dedfbba1d820"
  integrity sha512-Gl0AxBtDg8uoAn5CCqQDMqAx22Wx22pjDOjBdmG0VIWX3qUBHzYmOKh8KXHL4UpogfJ14G4wk16EQogF+v8hmA==

"@rollup/rollup-linux-powerpc64le-gnu@4.22.4":
  version "4.22.4"
  resolved "https://registry.yarnpkg.com/@rollup/rollup-linux-powerpc64le-gnu/-/rollup-linux-powerpc64le-gnu-4.22.4.tgz#9a79ae6c9e9d8fe83d49e2712ecf4302db5bef5e"
  integrity sha512-3aVCK9xfWW1oGQpTsYJJPF6bfpWfhbRnhdlyhak2ZiyFLDaayz0EP5j9V1RVLAAxlmWKTDfS9wyRyY3hvhPoOg==

"@rollup/rollup-linux-riscv64-gnu@4.22.4":
  version "4.22.4"
  resolved "https://registry.yarnpkg.com/@rollup/rollup-linux-riscv64-gnu/-/rollup-linux-riscv64-gnu-4.22.4.tgz#67ac70eca4ace8e2942fabca95164e8874ab8128"
  integrity sha512-ePYIir6VYnhgv2C5Xe9u+ico4t8sZWXschR6fMgoPUK31yQu7hTEJb7bCqivHECwIClJfKgE7zYsh1qTP3WHUA==

"@rollup/rollup-linux-s390x-gnu@4.22.4":
  version "4.22.4"
  resolved "https://registry.yarnpkg.com/@rollup/rollup-linux-s390x-gnu/-/rollup-linux-s390x-gnu-4.22.4.tgz#9f883a7440f51a22ed7f99e1d070bd84ea5005fc"
  integrity sha512-GqFJ9wLlbB9daxhVlrTe61vJtEY99/xB3C8e4ULVsVfflcpmR6c8UZXjtkMA6FhNONhj2eA5Tk9uAVw5orEs4Q==

"@rollup/rollup-linux-x64-gnu@4.22.4":
  version "4.22.4"
  resolved "https://registry.yarnpkg.com/@rollup/rollup-linux-x64-gnu/-/rollup-linux-x64-gnu-4.22.4.tgz#70116ae6c577fe367f58559e2cffb5641a1dd9d0"
  integrity sha512-87v0ol2sH9GE3cLQLNEy0K/R0pz1nvg76o8M5nhMR0+Q+BBGLnb35P0fVz4CQxHYXaAOhE8HhlkaZfsdUOlHwg==

"@rollup/rollup-linux-x64-musl@4.22.4":
  version "4.22.4"
  resolved "https://registry.yarnpkg.com/@rollup/rollup-linux-x64-musl/-/rollup-linux-x64-musl-4.22.4.tgz#f473f88219feb07b0b98b53a7923be716d1d182f"
  integrity sha512-UV6FZMUgePDZrFjrNGIWzDo/vABebuXBhJEqrHxrGiU6HikPy0Z3LfdtciIttEUQfuDdCn8fqh7wiFJjCNwO+g==

"@rollup/rollup-win32-arm64-msvc@4.22.4":
  version "4.22.4"
  resolved "https://registry.yarnpkg.com/@rollup/rollup-win32-arm64-msvc/-/rollup-win32-arm64-msvc-4.22.4.tgz#4349482d17f5d1c58604d1c8900540d676f420e0"
  integrity sha512-BjI+NVVEGAXjGWYHz/vv0pBqfGoUH0IGZ0cICTn7kB9PyjrATSkX+8WkguNjWoj2qSr1im/+tTGRaY+4/PdcQw==

"@rollup/rollup-win32-ia32-msvc@4.22.4":
  version "4.22.4"
  resolved "https://registry.yarnpkg.com/@rollup/rollup-win32-ia32-msvc/-/rollup-win32-ia32-msvc-4.22.4.tgz#a6fc39a15db618040ec3c2a24c1e26cb5f4d7422"
  integrity sha512-SiWG/1TuUdPvYmzmYnmd3IEifzR61Tragkbx9D3+R8mzQqDBz8v+BvZNDlkiTtI9T15KYZhP0ehn3Dld4n9J5g==

"@rollup/rollup-win32-x64-msvc@4.22.4":
  version "4.22.4"
  resolved "https://registry.yarnpkg.com/@rollup/rollup-win32-x64-msvc/-/rollup-win32-x64-msvc-4.22.4.tgz#3dd5d53e900df2a40841882c02e56f866c04d202"
  integrity sha512-j8pPKp53/lq9lMXN57S8cFz0MynJk8OWNuUnXct/9KCpKU7DgU3bYMJhwWmcqC0UU29p8Lr0/7KEVcaM6bf47Q==

"@types/estree@1.0.5":
  version "1.0.5"
  resolved "https://registry.yarnpkg.com/@types/estree/-/estree-1.0.5.tgz#a6ce3e556e00fd9895dd872dd172ad0d4bd687f4"
  integrity sha512-/kYRxGDLWzHOB7q+wtSUQlFrtcdUccpfy+X+9iMBpHK8QLLhx2wIPYuS5DYtR9Wa/YlZAbIovy7qVdB1Aq6Lyw==

"@types/node@13.1.6":
  version "13.1.6"
  resolved "https://registry.yarnpkg.com/@types/node/-/node-13.1.6.tgz#076028d0b0400be8105b89a0a55550c86684ffec"
  integrity sha512-Jg1F+bmxcpENHP23sVKkNuU3uaxPnsBMW0cLjleiikFKomJQbsn0Cqk2yDvQArqzZN6ABfBkZ0To7pQ8sLdWDg==

estree-walker@^1.0.1:
  version "1.0.1"
  resolved "https://registry.yarnpkg.com/estree-walker/-/estree-walker-1.0.1.tgz#31bc5d612c96b704106b477e6dd5d8aa138cb700"
  integrity sha512-1fMXF3YP4pZZVozF8j/ZLfvnR8NSIljt56UhbZ5PeeDmmGHpgpdwQt7ITlGvYaQukCvuBRMLEiKiYC+oeIg4cg==

fsevents@~2.3.2:
  version "2.3.3"
  resolved "https://registry.yarnpkg.com/fsevents/-/fsevents-2.3.3.tgz#cac6407785d03675a2a5e1a5305c697b347d90d6"
  integrity sha512-5xoDfX+fL7faATnagmWPpbFtwh/R77WmMMqqHGS65C3vvB0YHrgF+B1YmZ3441tMj5n63k0212XNoJwzlhffQw==

path-parse@^1.0.6:
  version "1.0.6"
  resolved "https://registry.yarnpkg.com/path-parse/-/path-parse-1.0.6.tgz#d62dbb5679405d72c4737ec58600e9ddcf06d24c"
  integrity sha512-GSmOT2EbHrINBf9SR7CDELwlJ8AENk3Qn7OikK4nFYAu3Ote2+JYNVvkpAEQm3/TLNEJFD/xZJjzyxg3KBWOzw==

resolve@^1.14.1:
  version "1.15.1"
  resolved "https://registry.yarnpkg.com/resolve/-/resolve-1.15.1.tgz#27bdcdeffeaf2d6244b95bb0f9f4b4653451f3e8"
  integrity sha512-84oo6ZTtoTUpjgNEr5SJyzQhzL72gaRodsSfyxC/AXRvwu0Yse9H8eF9IpGo7b8YetZhlI6v7ZQ6bKBFV/6S7w==
  dependencies:
    path-parse "^1.0.6"

rollup@4.22.4:
  version "4.22.4"
  resolved "https://registry.yarnpkg.com/rollup/-/rollup-4.22.4.tgz#4135a6446671cd2a2453e1ad42a45d5973ec3a0f"
  integrity sha512-vD8HJ5raRcWOyymsR6Z3o6+RzfEPCnVLMFJ6vRslO1jt4LO6dUo5Qnpg7y4RkZFM2DMe3WUirkI5c16onjrc6A==
  dependencies:
    "@types/estree" "1.0.5"
  optionalDependencies:
    "@rollup/rollup-android-arm-eabi" "4.22.4"
    "@rollup/rollup-android-arm64" "4.22.4"
    "@rollup/rollup-darwin-arm64" "4.22.4"
    "@rollup/rollup-darwin-x64" "4.22.4"
    "@rollup/rollup-linux-arm-gnueabihf" "4.22.4"
    "@rollup/rollup-linux-arm-musleabihf" "4.22.4"
    "@rollup/rollup-linux-arm64-gnu" "4.22.4"
    "@rollup/rollup-linux-arm64-musl" "4.22.4"
    "@rollup/rollup-linux-powerpc64le-gnu" "4.22.4"
    "@rollup/rollup-linux-riscv64-gnu" "4.22.4"
    "@rollup/rollup-linux-s390x-gnu" "4.22.4"
    "@rollup/rollup-linux-x64-gnu" "4.22.4"
    "@rollup/rollup-linux-x64-musl" "4.22.4"
    "@rollup/rollup-win32-arm64-msvc" "4.22.4"
    "@rollup/rollup-win32-ia32-msvc" "4.22.4"
    "@rollup/rollup-win32-x64-msvc" "4.22.4"
    fsevents "~2.3.2"

tslib@1.13.0:
  version "1.13.0"
  resolved "https://registry.yarnpkg.com/tslib/-/tslib-1.13.0.tgz#c881e13cc7015894ed914862d276436fa9a47043"
  integrity sha512-i/6DQjL8Xf3be4K/E6Wgpekn5Qasl1usyw++dAA35Ue5orEn65VIxOA+YvNNl9HV3qv70T7CNwjODHZrLwvd1Q==

typescript@3.8.3:
  version "3.8.3"
  resolved "https://registry.yarnpkg.com/typescript/-/typescript-3.8.3.tgz#409eb8544ea0335711205869ec458ab109ee1061"
  integrity sha512-MYlEfn5VrLNsgudQTVJeNaQFUAI7DkhnOjdpAp4T+ku1TfQClewlbSuTVHiA+8skNBgaf02TL/kLOvig4y3G8w==
